
Microsoft Visual Studio Solution File, Format Version 12.00
# Visual Studio Version 16
VisualStudioVersion = 16.0.29102.190
MinimumVisualStudioVersion = 10.0.40219.1
Project("{FAE04EC0-301F-11D3-BF4B-00C04F79EFBC}") = "BankingDemo01", "BankingDemo01\BankingDemo01.csproj", "{52B87A3F-8FD6-49F3-9FB6-F97B3FCBC3E9}"
EndProject
Project("{FAE04EC0-301F-11D3-BF4B-00C04F79EFBC}") = "BankingDemo02", "BankingDemo02\BankingDemo02.csproj", "{F1C77B2B-5553-4486-86DE-9640CE5CCE12}"
EndProject
Project("{FAE04EC0-301F-11D3-BF4B-00C04F79EFBC}") = "BankingDemo03", "BankingDemo03\BankingDemo03.csproj", "{044E21E8-5D27-4E15-AA11-5C50D68F8129}"
EndProject
Project("{FAE04EC0-301F-11D3-BF4B-00C04F79EFBC}") = "BankingDemo04", "BankingDemo04\BankingDemo04.csproj", "{CE52B402-C57C-40FF-86D1-B76E88323657}"
EndProject
Project("{FAE04EC0-301F-11D3-BF4B-00C04F79EFBC}") = "BankingDemo05", "BankingDemo05\BankingDemo05.csproj", "{001990DB-2058-4209-859D-CCF45FC5C8F6}"
EndProject
Project("{FAE04EC0-301F-11D3-BF4B-00C04F79EFBC}") = "BankingDemo06", "BankingDemo06\BankingDemo06.csproj", "{39F48888-EBC8-4BFD-8D2A-00787EFD80CD}"
EndProject
Project("{FAE04EC0-301F-11D3-BF4B-00C04F79EFBC}") = "ConceptArchitect.Finance", "ConceptArchitect.Finance\ConceptArchitect.Finance.csproj", "{58630B85-F0F7-4C67-BC28-661F6B29A632}"
EndProject
Project("{FAE04EC0-301F-11D3-BF4B-00C04F79EFBC}") = "BankingTestApp01", "BankingTestApp01\BankingTestApp01.csproj", "{BAA25415-D1D2-4D7B-8D72-41A5F8C1661B}"
EndProject
Project("{FAE04EC0-301F-11D3-BF4B-00C04F79EFBC}") = "ConceptArchitect.Finance.MsTest", "ConceptArchitect.Finance.MsTest\ConceptArchitect.Finance.MsTest.csproj", "{C0A3FAFF-A29F-4AD0-AC21-0EBD49E77839}"
EndProject
Project("{FAE04EC0-301F-11D3-BF4B-00C04F79EFBC}") = "ConceptArchitect.Finance.V2", "ConceptArchitect.Finance.V2\ConceptArchitect.Finance.V2.csproj", "{14232C10-D208-4087-A7AA-C9A311FCB48B}"
EndProject
Project("{FAE04EC0-301F-11D3-BF4B-00C04F79EFBC}") = "ConceptArchitect.Finance.V2.MSTests", "ConceptArchitect.Finance.V2.MSTests\ConceptArchitect.Finance.V2.MSTests.csproj", "{345F22D7-F5EB-4785-922C-485E41A98086}"
EndProject
Project("{FAE04EC0-301F-11D3-BF4B-00C04F79EFBC}") = "BankApp01", "BankApp01\BankApp01.csproj", "{854417C1-E649-48B1-AD32-A894246286CE}"
EndProject
Global
	GlobalSection(SolutionConfigurationPlatforms) = preSolution
		Debug|Any CPU = Debug|Any CPU
		Release|Any CPU = Release|Any CPU
	EndGlobalSection
	GlobalSection(ProjectConfigurationPlatforms) = postSolution
		{52B87A3F-8FD6-49F3-9FB6-F97B3FCBC3E9}.Debug|Any CPU.ActiveCfg = Debug|Any CPU
		{52B87A3F-8FD6-49F3-9FB6-F97B3FCBC3E9}.Debug|Any CPU.Build.0 = Debug|Any CPU
		{52B87A3F-8FD6-49F3-9FB6-F97B3FCBC3E9}.Release|Any CPU.ActiveCfg = Release|Any CPU
		{52B87A3F-8FD6-49F3-9FB6-F97B3FCBC3E9}.Release|Any CPU.Build.0 = Release|Any CPU
		{F1C77B2B-5553-4486-86DE-9640CE5CCE12}.Debug|Any CPU.ActiveCfg = Debug|Any CPU
		{F1C77B2B-5553-4486-86DE-9640CE5CCE12}.Debug|Any CPU.Build.0 = Debug|Any CPU
		{F1C77B2B-5553-4486-86DE-9640CE5CCE12}.Release|Any CPU.ActiveCfg = Release|Any CPU
		{F1C77B2B-5553-4486-86DE-9640CE5CCE12}.Release|Any CPU.Build.0 = Release|Any CPU
		{044E21E8-5D27-4E15-AA11-5C50D68F8129}.Debug|Any CPU.ActiveCfg = Debug|Any CPU
		{044E21E8-5D27-4E15-AA11-5C50D68F8129}.Debug|Any CPU.Build.0 = Debug|Any CPU
		{044E21E8-5D27-4E15-AA11-5C50D68F8129}.Release|Any CPU.ActiveCfg = Release|Any CPU
		{044E21E8-5D27-4E15-AA11-5C50D68F8129}.Release|Any CPU.Build.0 = Release|Any CPU
		{CE52B402-C57C-40FF-86D1-B76E88323657}.Debug|Any CPU.ActiveCfg = Debug|Any CPU
		{CE52B402-C57C-40FF-86D1-B76E88323657}.Debug|Any CPU.Build.0 = Debug|Any CPU
		{CE52B402-C57C-40FF-86D1-B76E88323657}.Release|Any CPU.ActiveCfg = Release|Any CPU
		{CE52B402-C57C-40FF-86D1-B76E88323657}.Release|Any CPU.Build.0 = Release|Any CPU
		{001990DB-2058-4209-859D-CCF45FC5C8F6}.Debug|Any CPU.ActiveCfg = Debug|Any CPU
		{001990DB-2058-4209-859D-CCF45FC5C8F6}.Debug|Any CPU.Build.0 = Debug|Any CPU
		{001990DB-2058-4209-859D-CCF45FC5C8F6}.Release|Any CPU.ActiveCfg = Release|Any CPU
		{001990DB-2058-4209-859D-CCF45FC5C8F6}.Release|Any CPU.Build.0 = Release|Any CPU
		{39F48888-EBC8-4BFD-8D2A-00787EFD80CD}.Debug|Any CPU.ActiveCfg = Debug|Any CPU
		{39F48888-EBC8-4BFD-8D2A-00787EFD80CD}.Debug|Any CPU.Build.0 = Debug|Any CPU
		{39F48888-EBC8-4BFD-8D2A-00787EFD80CD}.Release|Any CPU.ActiveCfg = Release|Any CPU
		{39F48888-EBC8-4BFD-8D2A-00787EFD80CD}.Release|Any CPU.Build.0 = Release|Any CPU
		{58630B85-F0F7-4C67-BC28-661F6B29A632}.Debug|Any CPU.ActiveCfg = Debug|Any CPU
		{58630B85-F0F7-4C67-BC28-661F6B29A632}.Debug|Any CPU.Build.0 = Debug|Any CPU
		{58630B85-F0F7-4C67-BC28-661F6B29A632}.Release|Any CPU.ActiveCfg = Release|Any CPU
		{58630B85-F0F7-4C67-BC28-661F6B29A632}.Release|Any CPU.Build.0 = Release|Any CPU
		{BAA25415-D1D2-4D7B-8D72-41A5F8C1661B}.Debug|Any CPU.ActiveCfg = Debug|Any CPU
		{BAA25415-D1D2-4D7B-8D72-41A5F8C1661B}.Debug|Any CPU.Build.0 = Debug|Any CPU
		{BAA25415-D1D2-4D7B-8D72-41A5F8C1661B}.Release|Any CPU.ActiveCfg = Release|Any CPU
		{BAA25415-D1D2-4D7B-8D72-41A5F8C1661B}.Release|Any CPU.Build.0 = Release|Any CPU
		{C0A3FAFF-A29F-4AD0-AC21-0EBD49E77839}.Debug|Any CPU.ActiveCfg = Debug|Any CPU
		{C0A3FAFF-A29F-4AD0-AC21-0EBD49E77839}.Debug|Any CPU.Build.0 = Debug|Any CPU
		{C0A3FAFF-A29F-4AD0-AC21-0EBD49E77839}.Release|Any CPU.ActiveCfg = Release|Any CPU
		{C0A3FAFF-A29F-4AD0-AC21-0EBD49E77839}.Release|Any CPU.Build.0 = Release|Any CPU
		{14232C10-D208-4087-A7AA-C9A311FCB48B}.Debug|Any CPU.ActiveCfg = Debug|Any CPU
		{14232C10-D208-4087-A7AA-C9A311FCB48B}.Debug|Any CPU.Build.0 = Debug|Any CPU
		{14232C10-D208-4087-A7AA-C9A311FCB48B}.Release|Any CPU.ActiveCfg = Release|Any CPU
		{14232C10-D208-4087-A7AA-C9A311FCB48B}.Release|Any CPU.Build.0 = Release|Any CPU
		{345F22D7-F5EB-4785-922C-485E41A98086}.Debug|Any CPU.ActiveCfg = Debug|Any CPU
		{345F22D7-F5EB-4785-922C-485E41A98086}.Debug|Any CPU.Build.0 = Debug|Any CPU
		{345F22D7-F5EB-4785-922C-485E41A98086}.Release|Any CPU.ActiveCfg = Release|Any CPU
		{345F22D7-F5EB-4785-922C-485E41A98086}.Release|Any CPU.Build.0 = Release|Any CPU
		{854417C1-E649-48B1-AD32-A894246286CE}.Debug|Any CPU.ActiveCfg = Debug|Any CPU
		{854417C1-E649-48B1-AD32-A894246286CE}.Debug|Any CPU.Build.0 = Debug|Any CPU
		{854417C1-E649-48B1-AD32-A894246286CE}.Release|Any CPU.ActiveCfg = Release|Any CPU
		{854417C1-E649-48B1-AD32-A894246286CE}.Release|Any CPU.Build.0 = Release|Any CPU
	EndGlobalSection
	GlobalSection(SolutionProperties) = preSolution
		HideSolutionNode = FALSE
	EndGlobalSection
	GlobalSection(ExtensibilityGlobals) = postSolution
		SolutionGuid = {8BC67EE5-6A4D-4ABC-8721-44F3DA3DB89C}
	EndGlobalSection
EndGlobal
